{
  "lockfile_version": "1",
  "packages": {
    "deno@1.44.2": {
      "last_modified": "2024-06-18T11:39:17Z",
      "resolved": "github:NixOS/nixpkgs/56fc115880db6498245adecda277ccdb33025bc2#deno",
      "source": "devbox-search",
      "version": "1.44.2",
      "systems": {
        "aarch64-darwin": {
          "outputs": [
            {
              "name": "out",
              "path": "/nix/store/fh3c9pa9cvak7s5ida414jynzjn9a9mk-deno-1.44.2",
              "default": true
            }
          ],
          "store_path": "/nix/store/fh3c9pa9cvak7s5ida414jynzjn9a9mk-deno-1.44.2"
        },
        "aarch64-linux": {
          "outputs": [
            {
              "name": "out",
              "path": "/nix/store/cikwbqmqy66mngsin0hrqbgnk3awik9w-deno-1.44.2",
              "default": true
            }
          ],
          "store_path": "/nix/store/cikwbqmqy66mngsin0hrqbgnk3awik9w-deno-1.44.2"
        },
        "x86_64-darwin": {
          "outputs": [
            {
              "name": "out",
              "path": "/nix/store/2vgdrb497fsbnfvp8khf2l5ryad4hc8d-deno-1.44.2",
              "default": true
            }
          ],
          "store_path": "/nix/store/2vgdrb497fsbnfvp8khf2l5ryad4hc8d-deno-1.44.2"
        },
        "x86_64-linux": {
          "outputs": [
            {
              "name": "out",
              "path": "/nix/store/49b1vb0py5z3n170aywzddhr4bhzd7b3-deno-1.44.2",
              "default": true
            }
          ],
          "store_path": "/nix/store/49b1vb0py5z3n170aywzddhr4bhzd7b3-deno-1.44.2"
        }
      }
    },
    "opencv@4.6.0": {
      "last_modified": "2022-12-17T09:19:40Z",
      "resolved": "github:NixOS/nixpkgs/80c24eeb9ff46aa99617844d0c4168659e35175f#opencv",
      "source": "devbox-search",
      "version": "4.6.0",
      "systems": {
        "aarch64-darwin": {
          "outputs": [
            {
              "name": "out",
              "path": "/nix/store/6csxf267wbdjfx7liqim3qsf2x8c2m12-opencv-4.6.0",
              "default": true
            }
          ],
          "store_path": "/nix/store/6csxf267wbdjfx7liqim3qsf2x8c2m12-opencv-4.6.0"
        },
        "aarch64-linux": {
          "outputs": [
            {
              "name": "out",
              "path": "/nix/store/kszqyyic4lixhyvvsh44zikd5wvyalgy-opencv-4.6.0",
              "default": true
            }
          ],
          "store_path": "/nix/store/kszqyyic4lixhyvvsh44zikd5wvyalgy-opencv-4.6.0"
        },
        "x86_64-darwin": {
          "outputs": [
            {
              "name": "out",
              "path": "/nix/store/54922bgl2zh411jrgyk3mifza45ab7wh-opencv-4.6.0",
              "default": true
            }
          ],
          "store_path": "/nix/store/54922bgl2zh411jrgyk3mifza45ab7wh-opencv-4.6.0"
        },
        "x86_64-linux": {
          "outputs": [
            {
              "name": "out",
              "path": "/nix/store/ncgql223yw95pzqbk366k547hcrgvyfy-opencv-4.6.0",
              "default": true
            }
          ],
          "store_path": "/nix/store/ncgql223yw95pzqbk366k547hcrgvyfy-opencv-4.6.0"
        }
      }
    },
    "pkg-config@latest": {
      "last_modified": "2024-05-04T07:54:21Z",
      "resolved": "github:NixOS/nixpkgs/d32560238207b8e26d88b265207b216ee46b8450#pkg-config",
      "source": "devbox-search",
      "version": "0.29.2",
      "systems": {
        "aarch64-darwin": {
          "outputs": [
            {
              "name": "out",
              "path": "/nix/store/s33ia4rw83qw13825vc89k25cr9nxy0f-pkg-config-wrapper-0.29.2",
              "default": true
            },
            {
              "name": "man",
              "path": "/nix/store/rnxc8xzqr3md2vrkjskchxmlazgb3l3i-pkg-config-wrapper-0.29.2-man",
              "default": true
            },
            {
              "name": "doc",
              "path": "/nix/store/4svv41yk5fzcp1x6bs7xasv7h0mna7c3-pkg-config-wrapper-0.29.2-doc"
            }
          ],
          "store_path": "/nix/store/s33ia4rw83qw13825vc89k25cr9nxy0f-pkg-config-wrapper-0.29.2"
        },
        "aarch64-linux": {
          "outputs": [
            {
              "name": "out",
              "path": "/nix/store/v9si32s1fpy731gxyajg3i25j5h3f4rx-pkg-config-wrapper-0.29.2",
              "default": true
            },
            {
              "name": "man",
              "path": "/nix/store/hqphl7p5sdv1g79i52yd85hhii4r8859-pkg-config-wrapper-0.29.2-man",
              "default": true
            },
            {
              "name": "doc",
              "path": "/nix/store/wrawz739fsziria5w8sdlqd2wamazn14-pkg-config-wrapper-0.29.2-doc"
            }
          ],
          "store_path": "/nix/store/v9si32s1fpy731gxyajg3i25j5h3f4rx-pkg-config-wrapper-0.29.2"
        },
        "x86_64-darwin": {
          "outputs": [
            {
              "name": "out",
              "path": "/nix/store/nk81ai038lb8q78n6bsgkhz8vx9hcn9d-pkg-config-wrapper-0.29.2",
              "default": true
            },
            {
              "name": "man",
              "path": "/nix/store/5rkzrb2p6dc44pizmk76fzd7ifmjvh11-pkg-config-wrapper-0.29.2-man",
              "default": true
            },
            {
              "name": "doc",
              "path": "/nix/store/bs457hmx9lx99qx0qh6ph003hr1q0i13-pkg-config-wrapper-0.29.2-doc"
            }
          ],
          "store_path": "/nix/store/nk81ai038lb8q78n6bsgkhz8vx9hcn9d-pkg-config-wrapper-0.29.2"
        },
        "x86_64-linux": {
          "outputs": [
            {
              "name": "out",
              "path": "/nix/store/vbk2n3094zyl9ywijks6a3d7s2i6wnfm-pkg-config-wrapper-0.29.2",
              "default": true
            },
            {
              "name": "man",
              "path": "/nix/store/x8kzkbimqw5b1x1fbfwvf8saa5mw19rv-pkg-config-wrapper-0.29.2-man",
              "default": true
            },
            {
              "name": "doc",
              "path": "/nix/store/asy5zvhg8qb4dzsh6gdwd9450v7lcpb8-pkg-config-wrapper-0.29.2-doc"
            }
          ],
          "store_path": "/nix/store/vbk2n3094zyl9ywijks6a3d7s2i6wnfm-pkg-config-wrapper-0.29.2"
        }
      }
    },
    "unzip@latest": {
      "last_modified": "2024-05-01T20:12:28Z",
      "resolved": "github:NixOS/nixpkgs/1c74cc292b61614e74c1cf0d372f79d57fb4936b#unzip",
      "source": "devbox-search",
      "version": "6.0",
      "systems": {
        "aarch64-darwin": {
          "outputs": [
            {
              "name": "out",
              "path": "/nix/store/15cnd2jl4nkyk82lizkpg5b9hjfznaa3-unzip-6.0",
              "default": true
            }
          ],
          "store_path": "/nix/store/15cnd2jl4nkyk82lizkpg5b9hjfznaa3-unzip-6.0"
        },
        "aarch64-linux": {
          "outputs": [
            {
              "name": "out",
              "path": "/nix/store/5w8y1jggrx6zwnjahg8ms0x7i5p8xrdh-unzip-6.0",
              "default": true
            }
          ],
          "store_path": "/nix/store/5w8y1jggrx6zwnjahg8ms0x7i5p8xrdh-unzip-6.0"
        },
        "x86_64-darwin": {
          "outputs": [
            {
              "name": "out",
              "path": "/nix/store/ixbd88yizic7kkdfrvvxwnyx2ahr5v9k-unzip-6.0",
              "default": true
            }
          ],
          "store_path": "/nix/store/ixbd88yizic7kkdfrvvxwnyx2ahr5v9k-unzip-6.0"
        },
        "x86_64-linux": {
          "outputs": [
            {
              "name": "out",
              "path": "/nix/store/awd6bmx4i7z2izj8ri5qjddpbw65lnnq-unzip-6.0",
              "default": true
            }
          ],
          "store_path": "/nix/store/awd6bmx4i7z2izj8ri5qjddpbw65lnnq-unzip-6.0"
        }
      }
    },
    "zig@0.13.0": {
      "last_modified": "2024-08-31T10:12:23Z",
      "resolved": "github:NixOS/nixpkgs/5629520edecb69630a3f4d17d3d33fc96c13f6fe#zig",
      "source": "devbox-search",
      "version": "0.13.0",
      "systems": {
        "aarch64-darwin": {
          "outputs": [
            {
              "name": "out",
              "path": "/nix/store/47qfdibb3jyk1cv7za03s9j0jkrgyfpm-zig-0.13.0",
              "default": true
            },
            {
              "name": "doc",
              "path": "/nix/store/ycdf9bbpizyrpc6splxn4vhq4mp077iv-zig-0.13.0-doc"
            }
          ],
          "store_path": "/nix/store/47qfdibb3jyk1cv7za03s9j0jkrgyfpm-zig-0.13.0"
        },
        "aarch64-linux": {
          "outputs": [
            {
              "name": "out",
              "path": "/nix/store/q0i1gz4jlx6pvbfp56yr3a1mfagvanzj-zig-0.13.0",
              "default": true
            },
            {
              "name": "doc",
              "path": "/nix/store/6c1ik2mxq27lm9dk98x9615ysmfizf4q-zig-0.13.0-doc"
            }
          ],
          "store_path": "/nix/store/q0i1gz4jlx6pvbfp56yr3a1mfagvanzj-zig-0.13.0"
        },
        "x86_64-darwin": {
          "outputs": [
            {
              "name": "out",
              "path": "/nix/store/x64yzaxddv9shlaq395gzsj0s5wsixqc-zig-0.13.0",
              "default": true
            },
            {
              "name": "doc",
              "path": "/nix/store/vqfxlzbzl0xn9qxdgh832aywa49iw75h-zig-0.13.0-doc"
            }
          ],
          "store_path": "/nix/store/x64yzaxddv9shlaq395gzsj0s5wsixqc-zig-0.13.0"
        },
        "x86_64-linux": {
          "outputs": [
            {
              "name": "out",
              "path": "/nix/store/7lmwmb7q5r97gkb2ydj4cxqpbyswbl5p-zig-0.13.0",
              "default": true
            },
            {
              "name": "doc",
              "path": "/nix/store/rgx4w15rp0pgskpwxmd7hmsn36h4bl23-zig-0.13.0-doc"
            }
          ],
          "store_path": "/nix/store/7lmwmb7q5r97gkb2ydj4cxqpbyswbl5p-zig-0.13.0"
        }
      }
    },
    "zls@0.13.0": {
      "last_modified": "2024-08-31T10:12:23Z",
      "resolved": "github:NixOS/nixpkgs/5629520edecb69630a3f4d17d3d33fc96c13f6fe#zls",
      "source": "devbox-search",
      "version": "0.13.0",
      "systems": {
        "aarch64-darwin": {
          "outputs": [
            {
              "name": "out",
              "path": "/nix/store/7z56vrgqvg2wvjxyp0854v93x1w9vb37-zls-0.13.0",
              "default": true
            }
          ],
          "store_path": "/nix/store/7z56vrgqvg2wvjxyp0854v93x1w9vb37-zls-0.13.0"
        },
        "aarch64-linux": {
          "outputs": [
            {
              "name": "out",
              "path": "/nix/store/14pa830ngvd5nksh4w9f816kgk8l8rhp-zls-0.13.0",
              "default": true
            }
          ],
          "store_path": "/nix/store/14pa830ngvd5nksh4w9f816kgk8l8rhp-zls-0.13.0"
        },
        "x86_64-darwin": {
          "outputs": [
            {
              "name": "out",
              "path": "/nix/store/zia05rm1lnn7w3jb0b9vpp2wshmk81hq-zls-0.13.0",
              "default": true
            }
          ],
          "store_path": "/nix/store/zia05rm1lnn7w3jb0b9vpp2wshmk81hq-zls-0.13.0"
        },
        "x86_64-linux": {
          "outputs": [
            {
              "name": "out",
              "path": "/nix/store/ll3jrb6139qs2yjwhjsnv9rxjrkqnx35-zls-0.13.0",
              "default": true
            }
          ],
          "store_path": "/nix/store/ll3jrb6139qs2yjwhjsnv9rxjrkqnx35-zls-0.13.0"
        }
      }
    }
  }
}
